// !$*UTF8*$!
{
	archiveVersion = 1;
	classes = {
	};
	objectVersion = 56;
	objects = {

/* Begin PBXBuildFile section */
		E99E2D0A2A6EE7D600C66FB6 /* countryDataSuccess.json in Resources */ = {isa = PBXBuildFile; fileRef = E99E2D072A6EE7D600C66FB6 /* countryDataSuccess.json */; };
		E99E2D0B2A6EE7D600C66FB6 /* emptyData.json in Resources */ = {isa = PBXBuildFile; fileRef = E99E2D082A6EE7D600C66FB6 /* emptyData.json */; };
		E99E2D0C2A6EE7D600C66FB6 /* countryDataFailure.json in Resources */ = {isa = PBXBuildFile; fileRef = E99E2D092A6EE7D600C66FB6 /* countryDataFailure.json */; };
		E99E2D112A6EEE6200C66FB6 /* SingleCellView.swift in Sources */ = {isa = PBXBuildFile; fileRef = E99E2D102A6EEE6100C66FB6 /* SingleCellView.swift */; };
		E9A9884F2A6C23530081FAE6 /* CountriesListApp.swift in Sources */ = {isa = PBXBuildFile; fileRef = E9A9884E2A6C23530081FAE6 /* CountriesListApp.swift */; };
		E9A988512A6C23530081FAE6 /* ContentView.swift in Sources */ = {isa = PBXBuildFile; fileRef = E9A988502A6C23530081FAE6 /* ContentView.swift */; };
		E9A988532A6C23550081FAE6 /* Assets.xcassets in Resources */ = {isa = PBXBuildFile; fileRef = E9A988522A6C23550081FAE6 /* Assets.xcassets */; };
		E9A988562A6C23550081FAE6 /* Preview Assets.xcassets in Resources */ = {isa = PBXBuildFile; fileRef = E9A988552A6C23550081FAE6 /* Preview Assets.xcassets */; };
		E9A988602A6C23550081FAE6 /* CountriesListTests.swift in Sources */ = {isa = PBXBuildFile; fileRef = E9A9885F2A6C23550081FAE6 /* CountriesListTests.swift */; };
		E9A9886A2A6C23560081FAE6 /* CountriesListUITests.swift in Sources */ = {isa = PBXBuildFile; fileRef = E9A988692A6C23560081FAE6 /* CountriesListUITests.swift */; };
		E9A9886C2A6C23560081FAE6 /* CountriesListUITestsLaunchTests.swift in Sources */ = {isa = PBXBuildFile; fileRef = E9A9886B2A6C23560081FAE6 /* CountriesListUITestsLaunchTests.swift */; };
		E9A9887C2A6C236D0081FAE6 /* CountriesViewModel.swift in Sources */ = {isa = PBXBuildFile; fileRef = E9A988792A6C236D0081FAE6 /* CountriesViewModel.swift */; };
		E9A9887D2A6C236D0081FAE6 /* CountryResponse.swift in Sources */ = {isa = PBXBuildFile; fileRef = E9A9887A2A6C236D0081FAE6 /* CountryResponse.swift */; };
		E9A9887E2A6C236D0081FAE6 /* CountryService.swift in Sources */ = {isa = PBXBuildFile; fileRef = E9A9887B2A6C236D0081FAE6 /* CountryService.swift */; };
/* End PBXBuildFile section */

/* Begin PBXContainerItemProxy section */
		E9A9885C2A6C23550081FAE6 /* PBXContainerItemProxy */ = {
			isa = PBXContainerItemProxy;
			containerPortal = E9A988432A6C23530081FAE6 /* Project object */;
			proxyType = 1;
			remoteGlobalIDString = E9A9884A2A6C23530081FAE6;
			remoteInfo = CountriesList;
		};
		E9A988662A6C23560081FAE6 /* PBXContainerItemProxy */ = {
			isa = PBXContainerItemProxy;
			containerPortal = E9A988432A6C23530081FAE6 /* Project object */;
			proxyType = 1;
			remoteGlobalIDString = E9A9884A2A6C23530081FAE6;
			remoteInfo = CountriesList;
		};
/* End PBXContainerItemProxy section */

/* Begin PBXFileReference section */
		E99E2D072A6EE7D600C66FB6 /* countryDataSuccess.json */ = {isa = PBXFileReference; fileEncoding = 4; lastKnownFileType = text.json; path = countryDataSuccess.json; sourceTree = "<group>"; };
		E99E2D082A6EE7D600C66FB6 /* emptyData.json */ = {isa = PBXFileReference; fileEncoding = 4; lastKnownFileType = text.json; path = emptyData.json; sourceTree = "<group>"; };
		E99E2D092A6EE7D600C66FB6 /* countryDataFailure.json */ = {isa = PBXFileReference; fileEncoding = 4; lastKnownFileType = text.json; path = countryDataFailure.json; sourceTree = "<group>"; };
		E99E2D102A6EEE6100C66FB6 /* SingleCellView.swift */ = {isa = PBXFileReference; lastKnownFileType = sourcecode.swift; path = SingleCellView.swift; sourceTree = "<group>"; };
		E9A9884B2A6C23530081FAE6 /* CountriesList.app */ = {isa = PBXFileReference; explicitFileType = wrapper.application; includeInIndex = 0; path = CountriesList.app; sourceTree = BUILT_PRODUCTS_DIR; };
		E9A9884E2A6C23530081FAE6 /* CountriesListApp.swift */ = {isa = PBXFileReference; lastKnownFileType = sourcecode.swift; path = CountriesListApp.swift; sourceTree = "<group>"; };
		E9A988502A6C23530081FAE6 /* ContentView.swift */ = {isa = PBXFileReference; lastKnownFileType = sourcecode.swift; path = ContentView.swift; sourceTree = "<group>"; };
		E9A988522A6C23550081FAE6 /* Assets.xcassets */ = {isa = PBXFileReference; lastKnownFileType = folder.assetcatalog; path = Assets.xcassets; sourceTree = "<group>"; };
		E9A988552A6C23550081FAE6 /* Preview Assets.xcassets */ = {isa = PBXFileReference; lastKnownFileType = folder.assetcatalog; path = "Preview Assets.xcassets"; sourceTree = "<group>"; };
		E9A9885B2A6C23550081FAE6 /* CountriesListTests.xctest */ = {isa = PBXFileReference; explicitFileType = wrapper.cfbundle; includeInIndex = 0; path = CountriesListTests.xctest; sourceTree = BUILT_PRODUCTS_DIR; };
		E9A9885F2A6C23550081FAE6 /* CountriesListTests.swift */ = {isa = PBXFileReference; lastKnownFileType = sourcecode.swift; path = CountriesListTests.swift; sourceTree = "<group>"; };
		E9A988652A6C23560081FAE6 /* CountriesListUITests.xctest */ = {isa = PBXFileReference; explicitFileType = wrapper.cfbundle; includeInIndex = 0; path = CountriesListUITests.xctest; sourceTree = BUILT_PRODUCTS_DIR; };
		E9A988692A6C23560081FAE6 /* CountriesListUITests.swift */ = {isa = PBXFileReference; lastKnownFileType = sourcecode.swift; path = CountriesListUITests.swift; sourceTree = "<group>"; };
		E9A9886B2A6C23560081FAE6 /* CountriesListUITestsLaunchTests.swift */ = {isa = PBXFileReference; lastKnownFileType = sourcecode.swift; path = CountriesListUITestsLaunchTests.swift; sourceTree = "<group>"; };
		E9A988792A6C236D0081FAE6 /* CountriesViewModel.swift */ = {isa = PBXFileReference; fileEncoding = 4; lastKnownFileType = sourcecode.swift; path = CountriesViewModel.swift; sourceTree = "<group>"; };
		E9A9887A2A6C236D0081FAE6 /* CountryResponse.swift */ = {isa = PBXFileReference; fileEncoding = 4; lastKnownFileType = sourcecode.swift; path = CountryResponse.swift; sourceTree = "<group>"; };
		E9A9887B2A6C236D0081FAE6 /* CountryService.swift */ = {isa = PBXFileReference; fileEncoding = 4; lastKnownFileType = sourcecode.swift; path = CountryService.swift; sourceTree = "<group>"; };
		E9A9887F2A6C2C910081FAE6 /* Info.plist */ = {isa = PBXFileReference; lastKnownFileType = text.plist; path = Info.plist; sourceTree = "<group>"; };
/* End PBXFileReference section */

/* Begin PBXFrameworksBuildPhase section */
		E9A988482A6C23530081FAE6 /* Frameworks */ = {
			isa = PBXFrameworksBuildPhase;
			buildActionMask = 2147483647;
			files = (
			);
			runOnlyForDeploymentPostprocessing = 0;
		};
		E9A988582A6C23550081FAE6 /* Frameworks */ = {
			isa = PBXFrameworksBuildPhase;
			buildActionMask = 2147483647;
			files = (
			);
			runOnlyForDeploymentPostprocessing = 0;
		};
		E9A988622A6C23560081FAE6 /* Frameworks */ = {
			isa = PBXFrameworksBuildPhase;
			buildActionMask = 2147483647;
			files = (
			);
			runOnlyForDeploymentPostprocessing = 0;
		};
/* End PBXFrameworksBuildPhase section */

/* Begin PBXGroup section */
		E99E2D0D2A6EEA3700C66FB6 /* View */ = {
			isa = PBXGroup;
			children = (
				E9A988502A6C23530081FAE6 /* ContentView.swift */,
				E99E2D102A6EEE6100C66FB6 /* SingleCellView.swift */,
			);
			path = View;
			sourceTree = "<group>";
		};
		E99E2D0F2A6EEA6300C66FB6 /* Model */ = {
			isa = PBXGroup;
			children = (
				E9A988792A6C236D0081FAE6 /* CountriesViewModel.swift */,
				E9A9887A2A6C236D0081FAE6 /* CountryResponse.swift */,
			);
			path = Model;
			sourceTree = "<group>";
		};
		E9A988422A6C23530081FAE6 = {
			isa = PBXGroup;
			children = (
				E9A9884D2A6C23530081FAE6 /* CountriesList */,
				E9A9885E2A6C23550081FAE6 /* CountriesListTests */,
				E9A988682A6C23560081FAE6 /* CountriesListUITests */,
				E9A9884C2A6C23530081FAE6 /* Products */,
			);
			sourceTree = "<group>";
		};
		E9A9884C2A6C23530081FAE6 /* Products */ = {
			isa = PBXGroup;
			children = (
				E9A9884B2A6C23530081FAE6 /* CountriesList.app */,
				E9A9885B2A6C23550081FAE6 /* CountriesListTests.xctest */,
				E9A988652A6C23560081FAE6 /* CountriesListUITests.xctest */,
			);
			name = Products;
			sourceTree = "<group>";
		};
		E9A9884D2A6C23530081FAE6 /* CountriesList */ = {
			isa = PBXGroup;
			children = (
				E9A9887F2A6C2C910081FAE6 /* Info.plist */,
				E9A9884E2A6C23530081FAE6 /* CountriesListApp.swift */,
				E99E2D0D2A6EEA3700C66FB6 /* View */,
				E99E2D0F2A6EEA6300C66FB6 /* Model */,
				E9A988782A6C236D0081FAE6 /* Network */,
				E9A988522A6C23550081FAE6 /* Assets.xcassets */,
				E9A988542A6C23550081FAE6 /* Preview Content */,
			);
			path = CountriesList;
			sourceTree = "<group>";
		};
		E9A988542A6C23550081FAE6 /* Preview Content */ = {
			isa = PBXGroup;
			children = (
				E9A988552A6C23550081FAE6 /* Preview Assets.xcassets */,
			);
			path = "Preview Content";
			sourceTree = "<group>";
		};
		E9A9885E2A6C23550081FAE6 /* CountriesListTests */ = {
			isa = PBXGroup;
			children = (
				E99E2D082A6EE7D600C66FB6 /* emptyData.json */,
				E99E2D092A6EE7D600C66FB6 /* countryDataFailure.json */,
				E99E2D072A6EE7D600C66FB6 /* countryDataSuccess.json */,
				E9A9885F2A6C23550081FAE6 /* CountriesListTests.swift */,
			);
			path = CountriesListTests;
			sourceTree = "<group>";
		};
		E9A988682A6C23560081FAE6 /* CountriesListUITests */ = {
			isa = PBXGroup;
			children = (
				E9A988692A6C23560081FAE6 /* CountriesListUITests.swift */,
				E9A9886B2A6C23560081FAE6 /* CountriesListUITestsLaunchTests.swift */,
			);
			path = CountriesListUITests;
			sourceTree = "<group>";
		};
		E9A988782A6C236D0081FAE6 /* Network */ = {
			isa = PBXGroup;
			children = (
				E9A9887B2A6C236D0081FAE6 /* CountryService.swift */,
			);
			path = Network;
			sourceTree = "<group>";
		};
/* End PBXGroup section */

/* Begin PBXNativeTarget section */
		E9A9884A2A6C23530081FAE6 /* CountriesList */ = {
			isa = PBXNativeTarget;
			buildConfigurationList = E9A9886F2A6C23560081FAE6 /* Build configuration list for PBXNativeTarget "CountriesList" */;
			buildPhases = (
				E9A988472A6C23530081FAE6 /* Sources */,
				E9A988482A6C23530081FAE6 /* Frameworks */,
				E9A988492A6C23530081FAE6 /* Resources */,
			);
			buildRules = (
			);
			dependencies = (
			);
			name = CountriesList;
			productName = CountriesList;
			productReference = E9A9884B2A6C23530081FAE6 /* CountriesList.app */;
			productType = "com.apple.product-type.application";
		};
		E9A9885A2A6C23550081FAE6 /* CountriesListTests */ = {
			isa = PBXNativeTarget;
			buildConfigurationList = E9A988722A6C23560081FAE6 /* Build configuration list for PBXNativeTarget "CountriesListTests" */;
			buildPhases = (
				E9A988572A6C23550081FAE6 /* Sources */,
				E9A988582A6C23550081FAE6 /* Frameworks */,
				E9A988592A6C23550081FAE6 /* Resources */,
			);
			buildRules = (
			);
			dependencies = (
				E9A9885D2A6C23550081FAE6 /* PBXTargetDependency */,
			);
			name = CountriesListTests;
			productName = CountriesListTests;
			productReference = E9A9885B2A6C23550081FAE6 /* CountriesListTests.xctest */;
			productType = "com.apple.product-type.bundle.unit-test";
		};
		E9A988642A6C23560081FAE6 /* CountriesListUITests */ = {
			isa = PBXNativeTarget;
			buildConfigurationList = E9A988752A6C23560081FAE6 /* Build configuration list for PBXNativeTarget "CountriesListUITests" */;
			buildPhases = (
				E9A988612A6C23560081FAE6 /* Sources */,
				E9A988622A6C23560081FAE6 /* Frameworks */,
				E9A988632A6C23560081FAE6 /* Resources */,
			);
			buildRules = (
			);
			dependencies = (
				E9A988672A6C23560081FAE6 /* PBXTargetDependency */,
			);
			name = CountriesListUITests;
			productName = CountriesListUITests;
			productReference = E9A988652A6C23560081FAE6 /* CountriesListUITests.xctest */;
			productType = "com.apple.product-type.bundle.ui-testing";
		};
/* End PBXNativeTarget section */

/* Begin PBXProject section */
		E9A988432A6C23530081FAE6 /* Project object */ = {
			isa = PBXProject;
			attributes = {
				BuildIndependentTargetsInParallel = 1;
				LastSwiftUpdateCheck = 1420;
				LastUpgradeCheck = 1420;
				TargetAttributes = {
					E9A9884A2A6C23530081FAE6 = {
						CreatedOnToolsVersion = 14.2;
					};
					E9A9885A2A6C23550081FAE6 = {
						CreatedOnToolsVersion = 14.2;
						TestTargetID = E9A9884A2A6C23530081FAE6;
					};
					E9A988642A6C23560081FAE6 = {
						CreatedOnToolsVersion = 14.2;
						TestTargetID = E9A9884A2A6C23530081FAE6;
					};
				};
			};
			buildConfigurationList = E9A988462A6C23530081FAE6 /* Build configuration list for PBXProject "CountriesList" */;
			compatibilityVersion = "Xcode 14.0";
			developmentRegion = en;
			hasScannedForEncodings = 0;
			knownRegions = (
				en,
				Base,
			);
			mainGroup = E9A988422A6C23530081FAE6;
			productRefGroup = E9A9884C2A6C23530081FAE6 /* Products */;
			projectDirPath = "";
			projectRoot = "";
			targets = (
				E9A9884A2A6C23530081FAE6 /* CountriesList */,
				E9A9885A2A6C23550081FAE6 /* CountriesListTests */,
				E9A988642A6C23560081FAE6 /* CountriesListUITests */,
			);
		};
/* End PBXProject section */

/* Begin PBXResourcesBuildPhase section */
		E9A988492A6C23530081FAE6 /* Resources */ = {
			isa = PBXResourcesBuildPhase;
			buildActionMask = 2147483647;
			files = (
				E9A988562A6C23550081FAE6 /* Preview Assets.xcassets in Resources */,
				E9A988532A6C23550081FAE6 /* Assets.xcassets in Resources */,
			);
			runOnlyForDeploymentPostprocessing = 0;
		};
		E9A988592A6C23550081FAE6 /* Resources */ = {
			isa = PBXResourcesBuildPhase;
			buildActionMask = 2147483647;
			files = (
				E99E2D0C2A6EE7D600C66FB6 /* countryDataFailure.json in Resources */,
				E99E2D0A2A6EE7D600C66FB6 /* countryDataSuccess.json in Resources */,
				E99E2D0B2A6EE7D600C66FB6 /* emptyData.json in Resources */,
			);
			runOnlyForDeploymentPostprocessing = 0;
		};
		E9A988632A6C23560081FAE6 /* Resources */ = {
			isa = PBXResourcesBuildPhase;
			buildActionMask = 2147483647;
			files = (
			);
			runOnlyForDeploymentPostprocessing = 0;
		};
/* End PBXResourcesBuildPhase section */

/* Begin PBXSourcesBuildPhase section */
		E9A988472A6C23530081FAE6 /* Sources */ = {
			isa = PBXSourcesBuildPhase;
			buildActionMask = 2147483647;
			files = (
				E9A9887C2A6C236D0081FAE6 /* CountriesViewModel.swift in Sources */,
				E9A9887E2A6C236D0081FAE6 /* CountryService.swift in Sources */,
				E9A988512A6C23530081FAE6 /* ContentView.swift in Sources */,
				E9A9884F2A6C23530081FAE6 /* CountriesListApp.swift in Sources */,
				E99E2D112A6EEE6200C66FB6 /* SingleCellView.swift in Sources */,
				E9A9887D2A6C236D0081FAE6 /* CountryResponse.swift in Sources */,
			);
			runOnlyForDeploymentPostprocessing = 0;
		};
		E9A988572A6C23550081FAE6 /* Sources */ = {
			isa = PBXSourcesBuildPhase;
			buildActionMask = 2147483647;
			files = (
				E9A988602A6C23550081FAE6 /* CountriesListTests.swift in Sources */,
			);
			runOnlyForDeploymentPostprocessing = 0;
		};
		E9A988612A6C23560081FAE6 /* Sources */ = {
			isa = PBXSourcesBuildPhase;
			buildActionMask = 2147483647;
			files = (
				E9A9886A2A6C23560081FAE6 /* CountriesListUITests.swift in Sources */,
				E9A9886C2A6C23560081FAE6 /* CountriesListUITestsLaunchTests.swift in Sources */,
			);
			runOnlyForDeploymentPostprocessing = 0;
		};
/* End PBXSourcesBuildPhase section */

/* Begin PBXTargetDependency section */
		E9A9885D2A6C23550081FAE6 /* PBXTargetDependency */ = {
			isa = PBXTargetDependency;
			target = E9A9884A2A6C23530081FAE6 /* CountriesList */;
			targetProxy = E9A9885C2A6C23550081FAE6 /* PBXContainerItemProxy */;
		};
		E9A988672A6C23560081FAE6 /* PBXTargetDependency */ = {
			isa = PBXTargetDependency;
			target = E9A9884A2A6C23530081FAE6 /* CountriesList */;
			targetProxy = E9A988662A6C23560081FAE6 /* PBXContainerItemProxy */;
		};
/* End PBXTargetDependency section */

/* Begin XCBuildConfiguration section */
		E9A9886D2A6C23560081FAE6 /* Debug */ = {
			isa = XCBuildConfiguration;
			buildSettings = {
				ALWAYS_SEARCH_USER_PATHS = NO;
				CLANG_ANALYZER_NONNULL = YES;
				CLANG_ANALYZER_NUMBER_OBJECT_CONVERSION = YES_AGGRESSIVE;
				CLANG_CXX_LANGUAGE_STANDARD = "gnu++20";
				CLANG_ENABLE_MODULES = YES;
				CLANG_ENABLE_OBJC_ARC = YES;
				CLANG_ENABLE_OBJC_WEAK = YES;
				CLANG_WARN_BLOCK_CAPTURE_AUTORELEASING = YES;
				CLANG_WARN_BOOL_CONVERSION = YES;
				CLANG_WARN_COMMA = YES;
				CLANG_WARN_CONSTANT_CONVERSION = YES;
				CLANG_WARN_DEPRECATED_OBJC_IMPLEMENTATIONS = YES;
				CLANG_WARN_DIRECT_OBJC_ISA_USAGE = YES_ERROR;
				CLANG_WARN_DOCUMENTATION_COMMENTS = YES;
				CLANG_WARN_EMPTY_BODY = YES;
				CLANG_WARN_ENUM_CONVERSION = YES;
				CLANG_WARN_INFINITE_RECURSION = YES;
				CLANG_WARN_INT_CONVERSION = YES;
				CLANG_WARN_NON_LITERAL_NULL_CONVERSION = YES;
				CLANG_WARN_OBJC_IMPLICIT_RETAIN_SELF = YES;
				CLANG_WARN_OBJC_LITERAL_CONVERSION = YES;
				CLANG_WARN_OBJC_ROOT_CLASS = YES_ERROR;
				CLANG_WARN_QUOTED_INCLUDE_IN_FRAMEWORK_HEADER = YES;
				CLANG_WARN_RANGE_LOOP_ANALYSIS = YES;
				CLANG_WARN_STRICT_PROTOTYPES = YES;
				CLANG_WARN_SUSPICIOUS_MOVE = YES;
				CLANG_WARN_UNGUARDED_AVAILABILITY = YES_AGGRESSIVE;
				CLANG_WARN_UNREACHABLE_CODE = YES;
				CLANG_WARN__DUPLICATE_METHOD_MATCH = YES;
				COPY_PHASE_STRIP = NO;
				DEBUG_INFORMATION_FORMAT = dwarf;
				ENABLE_STRICT_OBJC_MSGSEND = YES;
				ENABLE_TESTABILITY = YES;
				GCC_C_LANGUAGE_STANDARD = gnu11;
				GCC_DYNAMIC_NO_PIC = NO;
				GCC_NO_COMMON_BLOCKS = YES;
				GCC_OPTIMIZATION_LEVEL = 0;
				GCC_PREPROCESSOR_DEFINITIONS = (
					"DEBUG=1",
					"$(inherited)",
				);
				GCC_WARN_64_TO_32_BIT_CONVERSION = YES;
				GCC_WARN_ABOUT_RETURN_TYPE = YES_ERROR;
				GCC_WARN_UNDECLARED_SELECTOR = YES;
				GCC_WARN_UNINITIALIZED_AUTOS = YES_AGGRESSIVE;
				GCC_WARN_UNUSED_FUNCTION = YES;
				GCC_WARN_UNUSED_VARIABLE = YES;
				IPHONEOS_DEPLOYMENT_TARGET = 16.2;
				MTL_ENABLE_DEBUG_INFO = INCLUDE_SOURCE;
				MTL_FAST_MATH = YES;
				ONLY_ACTIVE_ARCH = YES;
				SDKROOT = iphoneos;
				SWIFT_ACTIVE_COMPILATION_CONDITIONS = DEBUG;
				SWIFT_OPTIMIZATION_LEVEL = "-Onone";
			};
			name = Debug;
		};
		E9A9886E2A6C23560081FAE6 /* Release */ = {
			isa = XCBuildConfiguration;
			buildSettings = {
				ALWAYS_SEARCH_USER_PATHS = NO;
				CLANG_ANALYZER_NONNULL = YES;
				CLANG_ANALYZER_NUMBER_OBJECT_CONVERSION = YES_AGGRESSIVE;
				CLANG_CXX_LANGUAGE_STANDARD = "gnu++20";
				CLANG_ENABLE_MODULES = YES;
				CLANG_ENABLE_OBJC_ARC = YES;
				CLANG_ENABLE_OBJC_WEAK = YES;
				CLANG_WARN_BLOCK_CAPTURE_AUTORELEASING = YES;
				CLANG_WARN_BOOL_CONVERSION = YES;
				CLANG_WARN_COMMA = YES;
				CLANG_WARN_CONSTANT_CONVERSION = YES;
				CLANG_WARN_DEPRECATED_OBJC_IMPLEMENTATIONS = YES;
				CLANG_WARN_DIRECT_OBJC_ISA_USAGE = YES_ERROR;
				CLANG_WARN_DOCUMENTATION_COMMENTS = YES;
				CLANG_WARN_EMPTY_BODY = YES;
				CLANG_WARN_ENUM_CONVERSION = YES;
				CLANG_WARN_INFINITE_RECURSION = YES;
				CLANG_WARN_INT_CONVERSION = YES;
				CLANG_WARN_NON_LITERAL_NULL_CONVERSION = YES;
				CLANG_WARN_OBJC_IMPLICIT_RETAIN_SELF = YES;
				CLANG_WARN_OBJC_LITERAL_CONVERSION = YES;
				CLANG_WARN_OBJC_ROOT_CLASS = YES_ERROR;
				CLANG_WARN_QUOTED_INCLUDE_IN_FRAMEWORK_HEADER = YES;
				CLANG_WARN_RANGE_LOOP_ANALYSIS = YES;
				CLANG_WARN_STRICT_PROTOTYPES = YES;
				CLANG_WARN_SUSPICIOUS_MOVE = YES;
				CLANG_WARN_UNGUARDED_AVAILABILITY = YES_AGGRESSIVE;
				CLANG_WARN_UNREACHABLE_CODE = YES;
				CLANG_WARN__DUPLICATE_METHOD_MATCH = YES;
				COPY_PHASE_STRIP = NO;
				DEBUG_INFORMATION_FORMAT = "dwarf-with-dsym";
				ENABLE_NS_ASSERTIONS = NO;
				ENABLE_STRICT_OBJC_MSGSEND = YES;
				GCC_C_LANGUAGE_STANDARD = gnu11;
				GCC_NO_COMMON_BLOCKS = YES;
				GCC_WARN_64_TO_32_BIT_CONVERSION = YES;
				GCC_WARN_ABOUT_RETURN_TYPE = YES_ERROR;
				GCC_WARN_UNDECLARED_SELECTOR = YES;
				GCC_WARN_UNINITIALIZED_AUTOS = YES_AGGRESSIVE;
				GCC_WARN_UNUSED_FUNCTION = YES;
				GCC_WARN_UNUSED_VARIABLE = YES;
				IPHONEOS_DEPLOYMENT_TARGET = 16.2;
				MTL_ENABLE_DEBUG_INFO = NO;
				MTL_FAST_MATH = YES;
				SDKROOT = iphoneos;
				SWIFT_COMPILATION_MODE = wholemodule;
				SWIFT_OPTIMIZATION_LEVEL = "-O";
				VALIDATE_PRODUCT = YES;
			};
			name = Release;
		};
		E9A988702A6C23560081FAE6 /* Debug */ = {
			isa = XCBuildConfiguration;
			buildSettings = {
				ASSETCATALOG_COMPILER_APPICON_NAME = AppIcon;
				ASSETCATALOG_COMPILER_GLOBAL_ACCENT_COLOR_NAME = AccentColor;
				CODE_SIGN_STYLE = Automatic;
				CURRENT_PROJECT_VERSION = 1;
				DEVELOPMENT_ASSET_PATHS = "\"CountriesList/Preview Content\"";
				DEVELOPMENT_TEAM = G9Z86K3593;
				ENABLE_PREVIEWS = YES;
				GENERATE_INFOPLIST_FILE = YES;
				INFOPLIST_FILE = CountriesList/Info.plist;
				INFOPLIST_KEY_UIApplicationSupportsIndirectInputEvents = YES;
				INFOPLIST_KEY_UILaunchScreen_Generation = YES;
				INFOPLIST_KEY_UISupportedInterfaceOrientations_iPad = "UIInterfaceOrientationPortrait UIInterfaceOrientationPortraitUpsideDown UIInterfaceOrientationLandscapeLeft UIInterfaceOrientationLandscapeRight";
				INFOPLIST_KEY_UISupportedInterfaceOrientations_iPhone = "UIInterfaceOrientationPortrait UIInterfaceOrientationLandscapeLeft UIInterfaceOrientationLandscapeRight";
				LD_RUNPATH_SEARCH_PATHS = (
					"$(inherited)",
					"@executable_path/Frameworks",
				);
				MARKETING_VERSION = 1.0;
				PRODUCT_BUNDLE_IDENTIFIER = "Syed-Raza.CountriesList";
				PRODUCT_NAME = "$(TARGET_NAME)";
				SWIFT_EMIT_LOC_STRINGS = YES;
				SWIFT_VERSION = 5.0;
				TARGETED_DEVICE_FAMILY = "1,2";
			};
			name = Debug;
		};
		E9A988712A6C23560081FAE6 /* Release */ = {
			isa = XCBuildConfiguration;
			buildSettings = {
				ASSETCATALOG_COMPILER_APPICON_NAME = AppIcon;
				ASSETCATALOG_COMPILER_GLOBAL_ACCENT_COLOR_NAME = AccentColor;
				CODE_SIGN_STYLE = Automatic;
				CURRENT_PROJECT_VERSION = 1;
				DEVELOPMENT_ASSET_PATHS = "\"CountriesList/Preview Content\"";
				DEVELOPMENT_TEAM = G9Z86K3593;
				ENABLE_PREVIEWS = YES;
				GENERATE_INFOPLIST_FILE = YES;
				INFOPLIST_FILE = CountriesList/Info.plist;
				INFOPLIST_KEY_UIApplicationSupportsIndirectInputEvents = YES;
				INFOPLIST_KEY_UILaunchScreen_Generation = YES;
				INFOPLIST_KEY_UISupportedInterfaceOrientations_iPad = "UIInterfaceOrientationPortrait UIInterfaceOrientationPortraitUpsideDown UIInterfaceOrientationLandscapeLeft UIInterfaceOrientationLandscapeRight";
				INFOPLIST_KEY_UISupportedInterfaceOrientations_iPhone = "UIInterfaceOrientationPortrait UIInterfaceOrientationLandscapeLeft UIInterfaceOrientationLandscapeRight";
				LD_RUNPATH_SEARCH_PATHS = (
					"$(inherited)",
					"@executable_path/Frameworks",
				);
				MARKETING_VERSION = 1.0;
				PRODUCT_BUNDLE_IDENTIFIER = "Syed-Raza.CountriesList";
				PRODUCT_NAME = "$(TARGET_NAME)";
				SWIFT_EMIT_LOC_STRINGS = YES;
				SWIFT_VERSION = 5.0;
				TARGETED_DEVICE_FAMILY = "1,2";
			};
			name = Release;
		};
		E9A988732A6C23560081FAE6 /* Debug */ = {
			isa = XCBuildConfiguration;
			buildSettings = {
				ALWAYS_EMBED_SWIFT_STANDARD_LIBRARIES = YES;
				BUNDLE_LOADER = "$(TEST_HOST)";
				CODE_SIGN_STYLE = Automatic;
				CURRENT_PROJECT_VERSION = 1;
				DEVELOPMENT_TEAM = G9Z86K3593;
				GENERATE_INFOPLIST_FILE = YES;
				IPHONEOS_DEPLOYMENT_TARGET = 16.2;
				MARKETING_VERSION = 1.0;
				PRODUCT_BUNDLE_IDENTIFIER = "Syed-Raza.CountriesListTests";
				PRODUCT_NAME = "$(TARGET_NAME)";
				SWIFT_EMIT_LOC_STRINGS = NO;
				SWIFT_VERSION = 5.0;
				TARGETED_DEVICE_FAMILY = "1,2";
				TEST_HOST = "$(BUILT_PRODUCTS_DIR)/CountriesList.app/$(BUNDLE_EXECUTABLE_FOLDER_PATH)/CountriesList";
			};
			name = Debug;
		};
		E9A988742A6C23560081FAE6 /* Release */ = {
			isa = XCBuildConfiguration;
			buildSettings = {
				ALWAYS_EMBED_SWIFT_STANDARD_LIBRARIES = YES;
				BUNDLE_LOADER = "$(TEST_HOST)";
				CODE_SIGN_STYLE = Automatic;
				CURRENT_PROJECT_VERSION = 1;
				DEVELOPMENT_TEAM = G9Z86K3593;
				GENERATE_INFOPLIST_FILE = YES;
				IPHONEOS_DEPLOYMENT_TARGET = 16.2;
				MARKETING_VERSION = 1.0;
				PRODUCT_BUNDLE_IDENTIFIER = "Syed-Raza.CountriesListTests";
				PRODUCT_NAME = "$(TARGET_NAME)";
				SWIFT_EMIT_LOC_STRINGS = NO;
				SWIFT_VERSION = 5.0;
				TARGETED_DEVICE_FAMILY = "1,2";
				TEST_HOST = "$(BUILT_PRODUCTS_DIR)/CountriesList.app/$(BUNDLE_EXECUTABLE_FOLDER_PATH)/CountriesList";
			};
			name = Release;
		};
		E9A988762A6C23560081FAE6 /* Debug */ = {
			isa = XCBuildConfiguration;
			buildSettings = {
				ALWAYS_EMBED_SWIFT_STANDARD_LIBRARIES = YES;
				CODE_SIGN_STYLE = Automatic;
				CURRENT_PROJECT_VERSION = 1;
				DEVELOPMENT_TEAM = G9Z86K3593;
				GENERATE_INFOPLIST_FILE = YES;
				MARKETING_VERSION = 1.0;
				PRODUCT_BUNDLE_IDENTIFIER = "Syed-Raza.CountriesListUITests";
				PRODUCT_NAME = "$(TARGET_NAME)";
				SWIFT_EMIT_LOC_STRINGS = NO;
				SWIFT_VERSION = 5.0;
				TARGETED_DEVICE_FAMILY = "1,2";
				TEST_TARGET_NAME = CountriesList;
			};
			name = Debug;
		};
		E9A988772A6C23560081FAE6 /* Release */ = {
			isa = XCBuildConfiguration;
			buildSettings = {
				ALWAYS_EMBED_SWIFT_STANDARD_LIBRARIES = YES;
				CODE_SIGN_STYLE = Automatic;
				CURRENT_PROJECT_VERSION = 1;
				DEVELOPMENT_TEAM = G9Z86K3593;
				GENERATE_INFOPLIST_FILE = YES;
				MARKETING_VERSION = 1.0;
				PRODUCT_BUNDLE_IDENTIFIER = "Syed-Raza.CountriesListUITests";
				PRODUCT_NAME = "$(TARGET_NAME)";
				SWIFT_EMIT_LOC_STRINGS = NO;
				SWIFT_VERSION = 5.0;
				TARGETED_DEVICE_FAMILY = "1,2";
				TEST_TARGET_NAME = CountriesList;
			};
			name = Release;
		};
/* End XCBuildConfiguration section */

/* Begin XCConfigurationList section */
		E9A988462A6C23530081FAE6 /* Build configuration list for PBXProject "CountriesList" */ = {
			isa = XCConfigurationList;
			buildConfigurations = (
				E9A9886D2A6C23560081FAE6 /* Debug */,
				E9A9886E2A6C23560081FAE6 /* Release */,
			);
			defaultConfigurationIsVisible = 0;
			defaultConfigurationName = Release;
		};
		E9A9886F2A6C23560081FAE6 /* Build configuration list for PBXNativeTarget "CountriesList" */ = {
			isa = XCConfigurationList;
			buildConfigurations = (
				E9A988702A6C23560081FAE6 /* Debug */,
				E9A988712A6C23560081FAE6 /* Release */,
			);
			defaultConfigurationIsVisible = 0;
			defaultConfigurationName = Release;
		};
		E9A988722A6C23560081FAE6 /* Build configuration list for PBXNativeTarget "CountriesListTests" */ = {
			isa = XCConfigurationList;
			buildConfigurations = (
				E9A988732A6C23560081FAE6 /* Debug */,
				E9A988742A6C23560081FAE6 /* Release */,
			);
			defaultConfigurationIsVisible = 0;
			defaultConfigurationName = Release;
		};
		E9A988752A6C23560081FAE6 /* Build configuration list for PBXNativeTarget "CountriesListUITests" */ = {
			isa = XCConfigurationList;
			buildConfigurations = (
				E9A988762A6C23560081FAE6 /* Debug */,
				E9A988772A6C23560081FAE6 /* Release */,
			);
			defaultConfigurationIsVisible = 0;
			defaultConfigurationName = Release;
		};
/* End XCConfigurationList section */
	};
	rootObject = E9A988432A6C23530081FAE6 /* Project object */;
}
